{
    "_meta": {
        "hash": {
            "sha256": "d8fe6e40598085f2d4e8a2b83068877719cebd0b6b67e07de6fe5f932c615726"
        },
        "pipfile-spec": 6,
        "requires": {
            "python_version": "3.11"
        },
        "sources": [
            {
                "name": "pypi",
                "url": "https://pypi.org/simple",
                "verify_ssl": true
            }
        ]
    },
    "default": {
        "phonenumbers": {
            "hashes": [
                "sha256:253bb0e01250d21a11f2b42b3e6e161b7f6cb2ac440e2e2a95c1da71d221ee1a",
                "sha256:d3e3555b38c89b121f5b2e917847003bdd07027569d758d5f40156c01aeac089"
            ],
            "index": "pypi",
            "version": "==8.13.7"
        },
        "termcolor": {
            "hashes": [
                "sha256:91ddd848e7251200eac969846cbae2dacd7d71c2871e92733289e7e3666f48e7",
                "sha256:dfc8ac3f350788f23b2947b3e6cfa5a53b630b612e6cd8965a015a776020b99a"
            ],
            "index": "pypi",
            "version": "==2.2.0"
        }
    },
    "develop": {}
}
